
Microsoft Visual Studio Solution File, Format Version 12.00
# Visual Studio Version 17
VisualStudioVersion = 17.0.31903.59
MinimumVisualStudioVersion = 10.0.40219.1
Project("{2150E333-8FDC-42A3-9474-1A3956D46DE8}") = "Solution Items", "Solution Items", "{A5F8CF47-4AE0-42C2-BDE6-FA0D61F432EF}"
	ProjectSection(SolutionItems) = preProject
		compose.yaml = compose.yaml
		Directory.Build.props = Directory.Build.props
	EndProjectSection
EndProject
Project("{2150E333-8FDC-42A3-9474-1A3956D46DE8}") = "src", "src", "{827E0CD3-B72D-47B6-A68D-7590B98EB39B}"
EndProject
Project("{2150E333-8FDC-42A3-9474-1A3956D46DE8}") = "tests", "tests", "{0AB3BF05-4346-4AA6-1389-037BE0695223}"
EndProject
Project("{FAE04EC0-301F-11D3-BF4B-00C04F79EFBC}") = "Domain", "src\Domain\Domain.csproj", "{B3433E50-EC04-4B5D-A692-132FDB0FDC48}"
EndProject
Project("{FAE04EC0-301F-11D3-BF4B-00C04F79EFBC}") = "Application", "src\Application\Application.csproj", "{B6BE22A4-7A8E-4290-ADDD-66C6A941DE78}"
EndProject
Project("{FAE04EC0-301F-11D3-BF4B-00C04F79EFBC}") = "Infrastructure", "src\Infrastructure\Infrastructure.csproj", "{E60DCBAC-F34A-46AF-86EE-D07418377A29}"
EndProject
Project("{FAE04EC0-301F-11D3-BF4B-00C04F79EFBC}") = "Worker", "src\Worker\Worker.csproj", "{2AE36D75-5D71-473E-9D17-4EAC0420170A}"
EndProject
Project("{FAE04EC0-301F-11D3-BF4B-00C04F79EFBC}") = "Domain.Tests", "tests\Domain.Tests\Domain.Tests.csproj", "{FE56EB02-E596-4ED0-84F0-87EF92A570DE}"
EndProject
Project("{FAE04EC0-301F-11D3-BF4B-00C04F79EFBC}") = "DataAccess", "src\DataAccess\DataAccess.csproj", "{A010800A-F44C-4788-92A0-27747B5C21E2}"
EndProject
Project("{FAE04EC0-301F-11D3-BF4B-00C04F79EFBC}") = "DataAccess.Tests", "tests\DataAccess.Tests\DataAccess.Tests.csproj", "{0629D91D-5EC8-4A19-9B35-08777951B063}"
EndProject
Project("{FAE04EC0-301F-11D3-BF4B-00C04F79EFBC}") = "Application.Tests", "tests\Application.Tests\Application.Tests.csproj", "{81B587ED-FA10-44BF-B453-7BFD2B8174C2}"
EndProject
Project("{FAE04EC0-301F-11D3-BF4B-00C04F79EFBC}") = "Presentation", "src\Presentation\Presentation.csproj", "{ECCCF0F8-4392-4060-BB8D-4E5E249B8F6C}"
EndProject
Project("{FAE04EC0-301F-11D3-BF4B-00C04F79EFBC}") = "Presentation.Tests", "tests\Presentation.Tests\Presentation.Tests.csproj", "{B61998EC-F384-41CB-8422-9C9AA9BBBB69}"
EndProject
Global
	GlobalSection(SolutionConfigurationPlatforms) = preSolution
		Debug|Any CPU = Debug|Any CPU
		Debug|x64 = Debug|x64
		Debug|x86 = Debug|x86
		Release|Any CPU = Release|Any CPU
		Release|x64 = Release|x64
		Release|x86 = Release|x86
	EndGlobalSection
	GlobalSection(ProjectConfigurationPlatforms) = postSolution
		{B3433E50-EC04-4B5D-A692-132FDB0FDC48}.Debug|Any CPU.ActiveCfg = Debug|Any CPU
		{B3433E50-EC04-4B5D-A692-132FDB0FDC48}.Debug|Any CPU.Build.0 = Debug|Any CPU
		{B3433E50-EC04-4B5D-A692-132FDB0FDC48}.Debug|x64.ActiveCfg = Debug|Any CPU
		{B3433E50-EC04-4B5D-A692-132FDB0FDC48}.Debug|x64.Build.0 = Debug|Any CPU
		{B3433E50-EC04-4B5D-A692-132FDB0FDC48}.Debug|x86.ActiveCfg = Debug|Any CPU
		{B3433E50-EC04-4B5D-A692-132FDB0FDC48}.Debug|x86.Build.0 = Debug|Any CPU
		{B3433E50-EC04-4B5D-A692-132FDB0FDC48}.Release|Any CPU.ActiveCfg = Release|Any CPU
		{B3433E50-EC04-4B5D-A692-132FDB0FDC48}.Release|Any CPU.Build.0 = Release|Any CPU
		{B3433E50-EC04-4B5D-A692-132FDB0FDC48}.Release|x64.ActiveCfg = Release|Any CPU
		{B3433E50-EC04-4B5D-A692-132FDB0FDC48}.Release|x64.Build.0 = Release|Any CPU
		{B3433E50-EC04-4B5D-A692-132FDB0FDC48}.Release|x86.ActiveCfg = Release|Any CPU
		{B3433E50-EC04-4B5D-A692-132FDB0FDC48}.Release|x86.Build.0 = Release|Any CPU
		{B6BE22A4-7A8E-4290-ADDD-66C6A941DE78}.Debug|Any CPU.ActiveCfg = Debug|Any CPU
		{B6BE22A4-7A8E-4290-ADDD-66C6A941DE78}.Debug|Any CPU.Build.0 = Debug|Any CPU
		{B6BE22A4-7A8E-4290-ADDD-66C6A941DE78}.Debug|x64.ActiveCfg = Debug|Any CPU
		{B6BE22A4-7A8E-4290-ADDD-66C6A941DE78}.Debug|x64.Build.0 = Debug|Any CPU
		{B6BE22A4-7A8E-4290-ADDD-66C6A941DE78}.Debug|x86.ActiveCfg = Debug|Any CPU
		{B6BE22A4-7A8E-4290-ADDD-66C6A941DE78}.Debug|x86.Build.0 = Debug|Any CPU
		{B6BE22A4-7A8E-4290-ADDD-66C6A941DE78}.Release|Any CPU.ActiveCfg = Release|Any CPU
		{B6BE22A4-7A8E-4290-ADDD-66C6A941DE78}.Release|Any CPU.Build.0 = Release|Any CPU
		{B6BE22A4-7A8E-4290-ADDD-66C6A941DE78}.Release|x64.ActiveCfg = Release|Any CPU
		{B6BE22A4-7A8E-4290-ADDD-66C6A941DE78}.Release|x64.Build.0 = Release|Any CPU
		{B6BE22A4-7A8E-4290-ADDD-66C6A941DE78}.Release|x86.ActiveCfg = Release|Any CPU
		{B6BE22A4-7A8E-4290-ADDD-66C6A941DE78}.Release|x86.Build.0 = Release|Any CPU
		{E60DCBAC-F34A-46AF-86EE-D07418377A29}.Debug|Any CPU.ActiveCfg = Debug|Any CPU
		{E60DCBAC-F34A-46AF-86EE-D07418377A29}.Debug|Any CPU.Build.0 = Debug|Any CPU
		{E60DCBAC-F34A-46AF-86EE-D07418377A29}.Debug|x64.ActiveCfg = Debug|Any CPU
		{E60DCBAC-F34A-46AF-86EE-D07418377A29}.Debug|x64.Build.0 = Debug|Any CPU
		{E60DCBAC-F34A-46AF-86EE-D07418377A29}.Debug|x86.ActiveCfg = Debug|Any CPU
		{E60DCBAC-F34A-46AF-86EE-D07418377A29}.Debug|x86.Build.0 = Debug|Any CPU
		{E60DCBAC-F34A-46AF-86EE-D07418377A29}.Release|Any CPU.ActiveCfg = Release|Any CPU
		{E60DCBAC-F34A-46AF-86EE-D07418377A29}.Release|Any CPU.Build.0 = Release|Any CPU
		{E60DCBAC-F34A-46AF-86EE-D07418377A29}.Release|x64.ActiveCfg = Release|Any CPU
		{E60DCBAC-F34A-46AF-86EE-D07418377A29}.Release|x64.Build.0 = Release|Any CPU
		{E60DCBAC-F34A-46AF-86EE-D07418377A29}.Release|x86.ActiveCfg = Release|Any CPU
		{E60DCBAC-F34A-46AF-86EE-D07418377A29}.Release|x86.Build.0 = Release|Any CPU
		{2AE36D75-5D71-473E-9D17-4EAC0420170A}.Debug|Any CPU.ActiveCfg = Debug|Any CPU
		{2AE36D75-5D71-473E-9D17-4EAC0420170A}.Debug|Any CPU.Build.0 = Debug|Any CPU
		{2AE36D75-5D71-473E-9D17-4EAC0420170A}.Debug|x64.ActiveCfg = Debug|Any CPU
		{2AE36D75-5D71-473E-9D17-4EAC0420170A}.Debug|x64.Build.0 = Debug|Any CPU
		{2AE36D75-5D71-473E-9D17-4EAC0420170A}.Debug|x86.ActiveCfg = Debug|Any CPU
		{2AE36D75-5D71-473E-9D17-4EAC0420170A}.Debug|x86.Build.0 = Debug|Any CPU
		{2AE36D75-5D71-473E-9D17-4EAC0420170A}.Release|Any CPU.ActiveCfg = Release|Any CPU
		{2AE36D75-5D71-473E-9D17-4EAC0420170A}.Release|Any CPU.Build.0 = Release|Any CPU
		{2AE36D75-5D71-473E-9D17-4EAC0420170A}.Release|x64.ActiveCfg = Release|Any CPU
		{2AE36D75-5D71-473E-9D17-4EAC0420170A}.Release|x64.Build.0 = Release|Any CPU
		{2AE36D75-5D71-473E-9D17-4EAC0420170A}.Release|x86.ActiveCfg = Release|Any CPU
		{2AE36D75-5D71-473E-9D17-4EAC0420170A}.Release|x86.Build.0 = Release|Any CPU
		{FE56EB02-E596-4ED0-84F0-87EF92A570DE}.Debug|Any CPU.ActiveCfg = Debug|Any CPU
		{FE56EB02-E596-4ED0-84F0-87EF92A570DE}.Debug|Any CPU.Build.0 = Debug|Any CPU
		{FE56EB02-E596-4ED0-84F0-87EF92A570DE}.Debug|x64.ActiveCfg = Debug|Any CPU
		{FE56EB02-E596-4ED0-84F0-87EF92A570DE}.Debug|x64.Build.0 = Debug|Any CPU
		{FE56EB02-E596-4ED0-84F0-87EF92A570DE}.Debug|x86.ActiveCfg = Debug|Any CPU
		{FE56EB02-E596-4ED0-84F0-87EF92A570DE}.Debug|x86.Build.0 = Debug|Any CPU
		{FE56EB02-E596-4ED0-84F0-87EF92A570DE}.Release|Any CPU.ActiveCfg = Release|Any CPU
		{FE56EB02-E596-4ED0-84F0-87EF92A570DE}.Release|Any CPU.Build.0 = Release|Any CPU
		{FE56EB02-E596-4ED0-84F0-87EF92A570DE}.Release|x64.ActiveCfg = Release|Any CPU
		{FE56EB02-E596-4ED0-84F0-87EF92A570DE}.Release|x64.Build.0 = Release|Any CPU
		{FE56EB02-E596-4ED0-84F0-87EF92A570DE}.Release|x86.ActiveCfg = Release|Any CPU
		{FE56EB02-E596-4ED0-84F0-87EF92A570DE}.Release|x86.Build.0 = Release|Any CPU
		{A010800A-F44C-4788-92A0-27747B5C21E2}.Debug|Any CPU.ActiveCfg = Debug|Any CPU
		{A010800A-F44C-4788-92A0-27747B5C21E2}.Debug|Any CPU.Build.0 = Debug|Any CPU
		{A010800A-F44C-4788-92A0-27747B5C21E2}.Debug|x64.ActiveCfg = Debug|Any CPU
		{A010800A-F44C-4788-92A0-27747B5C21E2}.Debug|x64.Build.0 = Debug|Any CPU
		{A010800A-F44C-4788-92A0-27747B5C21E2}.Debug|x86.ActiveCfg = Debug|Any CPU
		{A010800A-F44C-4788-92A0-27747B5C21E2}.Debug|x86.Build.0 = Debug|Any CPU
		{A010800A-F44C-4788-92A0-27747B5C21E2}.Release|Any CPU.ActiveCfg = Release|Any CPU
		{A010800A-F44C-4788-92A0-27747B5C21E2}.Release|Any CPU.Build.0 = Release|Any CPU
		{A010800A-F44C-4788-92A0-27747B5C21E2}.Release|x64.ActiveCfg = Release|Any CPU
		{A010800A-F44C-4788-92A0-27747B5C21E2}.Release|x64.Build.0 = Release|Any CPU
		{A010800A-F44C-4788-92A0-27747B5C21E2}.Release|x86.ActiveCfg = Release|Any CPU
		{A010800A-F44C-4788-92A0-27747B5C21E2}.Release|x86.Build.0 = Release|Any CPU
		{0629D91D-5EC8-4A19-9B35-08777951B063}.Debug|Any CPU.ActiveCfg = Debug|Any CPU
		{0629D91D-5EC8-4A19-9B35-08777951B063}.Debug|Any CPU.Build.0 = Debug|Any CPU
		{0629D91D-5EC8-4A19-9B35-08777951B063}.Debug|x64.ActiveCfg = Debug|Any CPU
		{0629D91D-5EC8-4A19-9B35-08777951B063}.Debug|x64.Build.0 = Debug|Any CPU
		{0629D91D-5EC8-4A19-9B35-08777951B063}.Debug|x86.ActiveCfg = Debug|Any CPU
		{0629D91D-5EC8-4A19-9B35-08777951B063}.Debug|x86.Build.0 = Debug|Any CPU
		{0629D91D-5EC8-4A19-9B35-08777951B063}.Release|Any CPU.ActiveCfg = Release|Any CPU
		{0629D91D-5EC8-4A19-9B35-08777951B063}.Release|Any CPU.Build.0 = Release|Any CPU
		{0629D91D-5EC8-4A19-9B35-08777951B063}.Release|x64.ActiveCfg = Release|Any CPU
		{0629D91D-5EC8-4A19-9B35-08777951B063}.Release|x64.Build.0 = Release|Any CPU
		{0629D91D-5EC8-4A19-9B35-08777951B063}.Release|x86.ActiveCfg = Release|Any CPU
		{0629D91D-5EC8-4A19-9B35-08777951B063}.Release|x86.Build.0 = Release|Any CPU
		{81B587ED-FA10-44BF-B453-7BFD2B8174C2}.Debug|Any CPU.ActiveCfg = Debug|Any CPU
		{81B587ED-FA10-44BF-B453-7BFD2B8174C2}.Debug|Any CPU.Build.0 = Debug|Any CPU
		{81B587ED-FA10-44BF-B453-7BFD2B8174C2}.Debug|x64.ActiveCfg = Debug|Any CPU
		{81B587ED-FA10-44BF-B453-7BFD2B8174C2}.Debug|x64.Build.0 = Debug|Any CPU
		{81B587ED-FA10-44BF-B453-7BFD2B8174C2}.Debug|x86.ActiveCfg = Debug|Any CPU
		{81B587ED-FA10-44BF-B453-7BFD2B8174C2}.Debug|x86.Build.0 = Debug|Any CPU
		{81B587ED-FA10-44BF-B453-7BFD2B8174C2}.Release|Any CPU.ActiveCfg = Release|Any CPU
		{81B587ED-FA10-44BF-B453-7BFD2B8174C2}.Release|Any CPU.Build.0 = Release|Any CPU
		{81B587ED-FA10-44BF-B453-7BFD2B8174C2}.Release|x64.ActiveCfg = Release|Any CPU
		{81B587ED-FA10-44BF-B453-7BFD2B8174C2}.Release|x64.Build.0 = Release|Any CPU
		{81B587ED-FA10-44BF-B453-7BFD2B8174C2}.Release|x86.ActiveCfg = Release|Any CPU
		{81B587ED-FA10-44BF-B453-7BFD2B8174C2}.Release|x86.Build.0 = Release|Any CPU
		{ECCCF0F8-4392-4060-BB8D-4E5E249B8F6C}.Debug|Any CPU.ActiveCfg = Debug|Any CPU
		{ECCCF0F8-4392-4060-BB8D-4E5E249B8F6C}.Debug|Any CPU.Build.0 = Debug|Any CPU
		{ECCCF0F8-4392-4060-BB8D-4E5E249B8F6C}.Debug|x64.ActiveCfg = Debug|Any CPU
		{ECCCF0F8-4392-4060-BB8D-4E5E249B8F6C}.Debug|x64.Build.0 = Debug|Any CPU
		{ECCCF0F8-4392-4060-BB8D-4E5E249B8F6C}.Debug|x86.ActiveCfg = Debug|Any CPU
		{ECCCF0F8-4392-4060-BB8D-4E5E249B8F6C}.Debug|x86.Build.0 = Debug|Any CPU
		{ECCCF0F8-4392-4060-BB8D-4E5E249B8F6C}.Release|Any CPU.ActiveCfg = Release|Any CPU
		{ECCCF0F8-4392-4060-BB8D-4E5E249B8F6C}.Release|Any CPU.Build.0 = Release|Any CPU
		{ECCCF0F8-4392-4060-BB8D-4E5E249B8F6C}.Release|x64.ActiveCfg = Release|Any CPU
		{ECCCF0F8-4392-4060-BB8D-4E5E249B8F6C}.Release|x64.Build.0 = Release|Any CPU
		{ECCCF0F8-4392-4060-BB8D-4E5E249B8F6C}.Release|x86.ActiveCfg = Release|Any CPU
		{ECCCF0F8-4392-4060-BB8D-4E5E249B8F6C}.Release|x86.Build.0 = Release|Any CPU
		{B61998EC-F384-41CB-8422-9C9AA9BBBB69}.Debug|Any CPU.ActiveCfg = Debug|Any CPU
		{B61998EC-F384-41CB-8422-9C9AA9BBBB69}.Debug|Any CPU.Build.0 = Debug|Any CPU
		{B61998EC-F384-41CB-8422-9C9AA9BBBB69}.Debug|x64.ActiveCfg = Debug|Any CPU
		{B61998EC-F384-41CB-8422-9C9AA9BBBB69}.Debug|x64.Build.0 = Debug|Any CPU
		{B61998EC-F384-41CB-8422-9C9AA9BBBB69}.Debug|x86.ActiveCfg = Debug|Any CPU
		{B61998EC-F384-41CB-8422-9C9AA9BBBB69}.Debug|x86.Build.0 = Debug|Any CPU
		{B61998EC-F384-41CB-8422-9C9AA9BBBB69}.Release|Any CPU.ActiveCfg = Release|Any CPU
		{B61998EC-F384-41CB-8422-9C9AA9BBBB69}.Release|Any CPU.Build.0 = Release|Any CPU
		{B61998EC-F384-41CB-8422-9C9AA9BBBB69}.Release|x64.ActiveCfg = Release|Any CPU
		{B61998EC-F384-41CB-8422-9C9AA9BBBB69}.Release|x64.Build.0 = Release|Any CPU
		{B61998EC-F384-41CB-8422-9C9AA9BBBB69}.Release|x86.ActiveCfg = Release|Any CPU
		{B61998EC-F384-41CB-8422-9C9AA9BBBB69}.Release|x86.Build.0 = Release|Any CPU
	EndGlobalSection
	GlobalSection(SolutionProperties) = preSolution
		HideSolutionNode = FALSE
	EndGlobalSection
	GlobalSection(NestedProjects) = preSolution
		{B3433E50-EC04-4B5D-A692-132FDB0FDC48} = {827E0CD3-B72D-47B6-A68D-7590B98EB39B}
		{B6BE22A4-7A8E-4290-ADDD-66C6A941DE78} = {827E0CD3-B72D-47B6-A68D-7590B98EB39B}
		{E60DCBAC-F34A-46AF-86EE-D07418377A29} = {827E0CD3-B72D-47B6-A68D-7590B98EB39B}
		{2AE36D75-5D71-473E-9D17-4EAC0420170A} = {827E0CD3-B72D-47B6-A68D-7590B98EB39B}
		{FE56EB02-E596-4ED0-84F0-87EF92A570DE} = {0AB3BF05-4346-4AA6-1389-037BE0695223}
		{A010800A-F44C-4788-92A0-27747B5C21E2} = {827E0CD3-B72D-47B6-A68D-7590B98EB39B}
		{0629D91D-5EC8-4A19-9B35-08777951B063} = {0AB3BF05-4346-4AA6-1389-037BE0695223}
		{81B587ED-FA10-44BF-B453-7BFD2B8174C2} = {0AB3BF05-4346-4AA6-1389-037BE0695223}
		{ECCCF0F8-4392-4060-BB8D-4E5E249B8F6C} = {827E0CD3-B72D-47B6-A68D-7590B98EB39B}
		{B61998EC-F384-41CB-8422-9C9AA9BBBB69} = {0AB3BF05-4346-4AA6-1389-037BE0695223}
	EndGlobalSection
EndGlobal
